
Microsoft Visual Studio Solution File, Format Version 12.00
# Visual Studio 15
VisualStudioVersion = 15.0.28010.2041
MinimumVisualStudioVersion = 10.0.40219.1
Project("{FAE04EC0-301F-11D3-BF4B-00C04F79EFBC}") = "STM32GUI", "STM32GUI\STM32GUI.csproj", "{14E79344-57A9-46F5-A903-CE3CC248E6B9}"
EndProject
Global
	GlobalSection(SolutionConfigurationPlatforms) = preSolution
		Debug|Any CPU = Debug|Any CPU
		Release|Any CPU = Release|Any CPU
	EndGlobalSection
	GlobalSection(ProjectConfigurationPlatforms) = postSolution
		{14E79344-57A9-46F5-A903-CE3CC248E6B9}.Debug|Any CPU.ActiveCfg = Debug|Any CPU
		{14E79344-57A9-46F5-A903-CE3CC248E6B9}.Debug|Any CPU.Build.0 = Debug|Any CPU
		{14E79344-57A9-46F5-A903-CE3CC248E6B9}.Release|Any CPU.ActiveCfg = Release|Any CPU
		{14E79344-57A9-46F5-A903-CE3CC248E6B9}.Release|Any CPU.Build.0 = Release|Any CPU
	EndGlobalSection
	GlobalSection(SolutionProperties) = preSolution
		HideSolutionNode = FALSE
	EndGlobalSection
	GlobalSection(ExtensibilityGlobals) = postSolution
		SolutionGuid = {5E7AC39A-CF8C-4965-9DC4-9FCDE1ED3107}
	EndGlobalSection
EndGlobal
